// !$*UTF8*$!
{
	archiveVersion = 1;
	classes = {
	};
	objectVersion = 56;
	objects = {

/* Begin PBXBuildFile section */
		A158966D2CEFA8BB00BFB3E4 /* AppDelegate.swift in Sources */ = {isa = PBXBuildFile; fileRef = A158966C2CEFA8BB00BFB3E4 /* AppDelegate.swift */; };
		A158966F2CEFA8BB00BFB3E4 /* SceneDelegate.swift in Sources */ = {isa = PBXBuildFile; fileRef = A158966E2CEFA8BB00BFB3E4 /* SceneDelegate.swift */; };
		A15896712CEFA8BB00BFB3E4 /* ViewController.swift in Sources */ = {isa = PBXBuildFile; fileRef = A15896702CEFA8BB00BFB3E4 /* ViewController.swift */; };
		A15896742CEFA8BB00BFB3E4 /* Base in Resources */ = {isa = PBXBuildFile; fileRef = A15896732CEFA8BB00BFB3E4 /* Base */; };
		A15896762CEFA8BD00BFB3E4 /* Assets.xcassets in Resources */ = {isa = PBXBuildFile; fileRef = A15896752CEFA8BD00BFB3E4 /* Assets.xcassets */; };
		A15896792CEFA8BD00BFB3E4 /* Base in Resources */ = {isa = PBXBuildFile; fileRef = A15896782CEFA8BD00BFB3E4 /* Base */; };
		A15896842CEFA8BD00BFB3E4 /* Custome_Page_ControllTests.swift in Sources */ = {isa = PBXBuildFile; fileRef = A15896832CEFA8BD00BFB3E4 /* Custome_Page_ControllTests.swift */; };
		A158968E2CEFA8BD00BFB3E4 /* Custome_Page_ControllUITests.swift in Sources */ = {isa = PBXBuildFile; fileRef = A158968D2CEFA8BD00BFB3E4 /* Custome_Page_ControllUITests.swift */; };
		A15896902CEFA8BD00BFB3E4 /* Custome_Page_ControllUITestsLaunchTests.swift in Sources */ = {isa = PBXBuildFile; fileRef = A158968F2CEFA8BD00BFB3E4 /* Custome_Page_ControllUITestsLaunchTests.swift */; };
		A158969E2CEFB23F00BFB3E4 /* RKPageControl.swift in Sources */ = {isa = PBXBuildFile; fileRef = A158969C2CEFB23F00BFB3E4 /* RKPageControl.swift */; };
		A15896AC2CF57DC500BFB3E4 /* ColCell.xib in Resources */ = {isa = PBXBuildFile; fileRef = A15896AB2CF57DC500BFB3E4 /* ColCell.xib */; };
		A15896AD2CF57DC500BFB3E4 /* ColCell.swift in Sources */ = {isa = PBXBuildFile; fileRef = A15896AA2CF57DC500BFB3E4 /* ColCell.swift */; };
/* End PBXBuildFile section */

/* Begin PBXContainerItemProxy section */
		A15896802CEFA8BD00BFB3E4 /* PBXContainerItemProxy */ = {
			isa = PBXContainerItemProxy;
			containerPortal = A15896612CEFA8BB00BFB3E4 /* Project object */;
			proxyType = 1;
			remoteGlobalIDString = A15896682CEFA8BB00BFB3E4;
			remoteInfo = "Custome Page Controll";
		};
		A158968A2CEFA8BD00BFB3E4 /* PBXContainerItemProxy */ = {
			isa = PBXContainerItemProxy;
			containerPortal = A15896612CEFA8BB00BFB3E4 /* Project object */;
			proxyType = 1;
			remoteGlobalIDString = A15896682CEFA8BB00BFB3E4;
			remoteInfo = "Custome Page Controll";
		};
/* End PBXContainerItemProxy section */

/* Begin PBXFileReference section */
		A15896692CEFA8BB00BFB3E4 /* Custome Page Controll.app */ = {isa = PBXFileReference; explicitFileType = wrapper.application; includeInIndex = 0; path = "Custome Page Controll.app"; sourceTree = BUILT_PRODUCTS_DIR; };
		A158966C2CEFA8BB00BFB3E4 /* AppDelegate.swift */ = {isa = PBXFileReference; lastKnownFileType = sourcecode.swift; path = AppDelegate.swift; sourceTree = "<group>"; };
		A158966E2CEFA8BB00BFB3E4 /* SceneDelegate.swift */ = {isa = PBXFileReference; lastKnownFileType = sourcecode.swift; path = SceneDelegate.swift; sourceTree = "<group>"; };
		A15896702CEFA8BB00BFB3E4 /* ViewController.swift */ = {isa = PBXFileReference; lastKnownFileType = sourcecode.swift; path = ViewController.swift; sourceTree = "<group>"; };
		A15896732CEFA8BB00BFB3E4 /* Base */ = {isa = PBXFileReference; lastKnownFileType = file.storyboard; name = Base; path = Base.lproj/Main.storyboard; sourceTree = "<group>"; };
		A15896752CEFA8BD00BFB3E4 /* Assets.xcassets */ = {isa = PBXFileReference; lastKnownFileType = folder.assetcatalog; path = Assets.xcassets; sourceTree = "<group>"; };
		A15896782CEFA8BD00BFB3E4 /* Base */ = {isa = PBXFileReference; lastKnownFileType = file.storyboard; name = Base; path = Base.lproj/LaunchScreen.storyboard; sourceTree = "<group>"; };
		A158967A2CEFA8BD00BFB3E4 /* Info.plist */ = {isa = PBXFileReference; lastKnownFileType = text.plist.xml; path = Info.plist; sourceTree = "<group>"; };
		A158967F2CEFA8BD00BFB3E4 /* Custome Page ControllTests.xctest */ = {isa = PBXFileReference; explicitFileType = wrapper.cfbundle; includeInIndex = 0; path = "Custome Page ControllTests.xctest"; sourceTree = BUILT_PRODUCTS_DIR; };
		A15896832CEFA8BD00BFB3E4 /* Custome_Page_ControllTests.swift */ = {isa = PBXFileReference; lastKnownFileType = sourcecode.swift; path = Custome_Page_ControllTests.swift; sourceTree = "<group>"; };
		A15896892CEFA8BD00BFB3E4 /* Custome Page ControllUITests.xctest */ = {isa = PBXFileReference; explicitFileType = wrapper.cfbundle; includeInIndex = 0; path = "Custome Page ControllUITests.xctest"; sourceTree = BUILT_PRODUCTS_DIR; };
		A158968D2CEFA8BD00BFB3E4 /* Custome_Page_ControllUITests.swift */ = {isa = PBXFileReference; lastKnownFileType = sourcecode.swift; path = Custome_Page_ControllUITests.swift; sourceTree = "<group>"; };
		A158968F2CEFA8BD00BFB3E4 /* Custome_Page_ControllUITestsLaunchTests.swift */ = {isa = PBXFileReference; lastKnownFileType = sourcecode.swift; path = Custome_Page_ControllUITestsLaunchTests.swift; sourceTree = "<group>"; };
		A158969C2CEFB23F00BFB3E4 /* RKPageControl.swift */ = {isa = PBXFileReference; fileEncoding = 4; lastKnownFileType = sourcecode.swift; path = RKPageControl.swift; sourceTree = "<group>"; };
		A15896AA2CF57DC500BFB3E4 /* ColCell.swift */ = {isa = PBXFileReference; lastKnownFileType = sourcecode.swift; path = ColCell.swift; sourceTree = "<group>"; };
		A15896AB2CF57DC500BFB3E4 /* ColCell.xib */ = {isa = PBXFileReference; lastKnownFileType = file.xib; path = ColCell.xib; sourceTree = "<group>"; };
/* End PBXFileReference section */

/* Begin PBXFrameworksBuildPhase section */
		A15896662CEFA8BB00BFB3E4 /* Frameworks */ = {
			isa = PBXFrameworksBuildPhase;
			buildActionMask = 2147483647;
			files = (
			);
			runOnlyForDeploymentPostprocessing = 0;
		};
		A158967C2CEFA8BD00BFB3E4 /* Frameworks */ = {
			isa = PBXFrameworksBuildPhase;
			buildActionMask = 2147483647;
			files = (
			);
			runOnlyForDeploymentPostprocessing = 0;
		};
		A15896862CEFA8BD00BFB3E4 /* Frameworks */ = {
			isa = PBXFrameworksBuildPhase;
			buildActionMask = 2147483647;
			files = (
			);
			runOnlyForDeploymentPostprocessing = 0;
		};
/* End PBXFrameworksBuildPhase section */

/* Begin PBXGroup section */
		A15896602CEFA8BB00BFB3E4 = {
			isa = PBXGroup;
			children = (
				A158966B2CEFA8BB00BFB3E4 /* Custome Page Controll */,
				A15896822CEFA8BD00BFB3E4 /* Custome Page ControllTests */,
				A158968C2CEFA8BD00BFB3E4 /* Custome Page ControllUITests */,
				A158966A2CEFA8BB00BFB3E4 /* Products */,
			);
			sourceTree = "<group>";
		};
		A158966A2CEFA8BB00BFB3E4 /* Products */ = {
			isa = PBXGroup;
			children = (
				A15896692CEFA8BB00BFB3E4 /* Custome Page Controll.app */,
				A158967F2CEFA8BD00BFB3E4 /* Custome Page ControllTests.xctest */,
				A15896892CEFA8BD00BFB3E4 /* Custome Page ControllUITests.xctest */,
			);
			name = Products;
			sourceTree = "<group>";
		};
		A158966B2CEFA8BB00BFB3E4 /* Custome Page Controll */ = {
			isa = PBXGroup;
			children = (
				A15896A82CF57D7C00BFB3E4 /* StoryBoard */,
				A15896A72CF57A8900BFB3E4 /* AppBase */,
				A158969D2CEFB23F00BFB3E4 /* RKPageControl */,
				A15896AF2CF6C93F00BFB3E4 /* VC */,
				A15896AE2CF6C89600BFB3E4 /* Resources */,
				A158967A2CEFA8BD00BFB3E4 /* Info.plist */,
			);
			path = "Custome Page Controll";
			sourceTree = "<group>";
		};
		A15896822CEFA8BD00BFB3E4 /* Custome Page ControllTests */ = {
			isa = PBXGroup;
			children = (
				A15896832CEFA8BD00BFB3E4 /* Custome_Page_ControllTests.swift */,
			);
			path = "Custome Page ControllTests";
			sourceTree = "<group>";
		};
		A158968C2CEFA8BD00BFB3E4 /* Custome Page ControllUITests */ = {
			isa = PBXGroup;
			children = (
				A158968D2CEFA8BD00BFB3E4 /* Custome_Page_ControllUITests.swift */,
				A158968F2CEFA8BD00BFB3E4 /* Custome_Page_ControllUITestsLaunchTests.swift */,
			);
			path = "Custome Page ControllUITests";
			sourceTree = "<group>";
		};
		A158969D2CEFB23F00BFB3E4 /* RKPageControl */ = {
			isa = PBXGroup;
			children = (
				A158969C2CEFB23F00BFB3E4 /* RKPageControl.swift */,
			);
			path = RKPageControl;
			sourceTree = "<group>";
		};
		A15896A72CF57A8900BFB3E4 /* AppBase */ = {
			isa = PBXGroup;
			children = (
				A158966C2CEFA8BB00BFB3E4 /* AppDelegate.swift */,
				A158966E2CEFA8BB00BFB3E4 /* SceneDelegate.swift */,
			);
			path = AppBase;
			sourceTree = "<group>";
		};
		A15896A82CF57D7C00BFB3E4 /* StoryBoard */ = {
			isa = PBXGroup;
			children = (
				A15896A92CF57DA400BFB3E4 /* XIB */,
				A15896772CEFA8BD00BFB3E4 /* LaunchScreen.storyboard */,
				A15896722CEFA8BB00BFB3E4 /* Main.storyboard */,
			);
			path = StoryBoard;
			sourceTree = "<group>";
		};
		A15896A92CF57DA400BFB3E4 /* XIB */ = {
			isa = PBXGroup;
			children = (
				A15896AA2CF57DC500BFB3E4 /* ColCell.swift */,
				A15896AB2CF57DC500BFB3E4 /* ColCell.xib */,
			);
			path = XIB;
			sourceTree = "<group>";
		};
		A15896AE2CF6C89600BFB3E4 /* Resources */ = {
			isa = PBXGroup;
			children = (
				A15896752CEFA8BD00BFB3E4 /* Assets.xcassets */,
			);
			path = Resources;
			sourceTree = "<group>";
		};
		A15896AF2CF6C93F00BFB3E4 /* VC */ = {
			isa = PBXGroup;
			children = (
				A15896702CEFA8BB00BFB3E4 /* ViewController.swift */,
			);
			path = VC;
			sourceTree = "<group>";
		};
/* End PBXGroup section */

/* Begin PBXNativeTarget section */
		A15896682CEFA8BB00BFB3E4 /* Custome Page Controll */ = {
			isa = PBXNativeTarget;
			buildConfigurationList = A15896932CEFA8BD00BFB3E4 /* Build configuration list for PBXNativeTarget "Custome Page Controll" */;
			buildPhases = (
				A15896652CEFA8BB00BFB3E4 /* Sources */,
				A15896662CEFA8BB00BFB3E4 /* Frameworks */,
				A15896672CEFA8BB00BFB3E4 /* Resources */,
			);
			buildRules = (
			);
			dependencies = (
			);
			name = "Custome Page Controll";
			productName = "Custome Page Controll";
			productReference = A15896692CEFA8BB00BFB3E4 /* Custome Page Controll.app */;
			productType = "com.apple.product-type.application";
		};
		A158967E2CEFA8BD00BFB3E4 /* Custome Page ControllTests */ = {
			isa = PBXNativeTarget;
			buildConfigurationList = A15896962CEFA8BD00BFB3E4 /* Build configuration list for PBXNativeTarget "Custome Page ControllTests" */;
			buildPhases = (
				A158967B2CEFA8BD00BFB3E4 /* Sources */,
				A158967C2CEFA8BD00BFB3E4 /* Frameworks */,
				A158967D2CEFA8BD00BFB3E4 /* Resources */,
			);
			buildRules = (
			);
			dependencies = (
				A15896812CEFA8BD00BFB3E4 /* PBXTargetDependency */,
			);
			name = "Custome Page ControllTests";
			productName = "Custome Page ControllTests";
			productReference = A158967F2CEFA8BD00BFB3E4 /* Custome Page ControllTests.xctest */;
			productType = "com.apple.product-type.bundle.unit-test";
		};
		A15896882CEFA8BD00BFB3E4 /* Custome Page ControllUITests */ = {
			isa = PBXNativeTarget;
			buildConfigurationList = A15896992CEFA8BD00BFB3E4 /* Build configuration list for PBXNativeTarget "Custome Page ControllUITests" */;
			buildPhases = (
				A15896852CEFA8BD00BFB3E4 /* Sources */,
				A15896862CEFA8BD00BFB3E4 /* Frameworks */,
				A15896872CEFA8BD00BFB3E4 /* Resources */,
			);
			buildRules = (
			);
			dependencies = (
				A158968B2CEFA8BD00BFB3E4 /* PBXTargetDependency */,
			);
			name = "Custome Page ControllUITests";
			productName = "Custome Page ControllUITests";
			productReference = A15896892CEFA8BD00BFB3E4 /* Custome Page ControllUITests.xctest */;
			productType = "com.apple.product-type.bundle.ui-testing";
		};
/* End PBXNativeTarget section */

/* Begin PBXProject section */
		A15896612CEFA8BB00BFB3E4 /* Project object */ = {
			isa = PBXProject;
			attributes = {
				BuildIndependentTargetsInParallel = 1;
				LastSwiftUpdateCheck = 1540;
				LastUpgradeCheck = 1540;
				TargetAttributes = {
					A15896682CEFA8BB00BFB3E4 = {
						CreatedOnToolsVersion = 15.4;
					};
					A158967E2CEFA8BD00BFB3E4 = {
						CreatedOnToolsVersion = 15.4;
						TestTargetID = A15896682CEFA8BB00BFB3E4;
					};
					A15896882CEFA8BD00BFB3E4 = {
						CreatedOnToolsVersion = 15.4;
						TestTargetID = A15896682CEFA8BB00BFB3E4;
					};
				};
			};
			buildConfigurationList = A15896642CEFA8BB00BFB3E4 /* Build configuration list for PBXProject "Custome Page Controll" */;
			compatibilityVersion = "Xcode 14.0";
			developmentRegion = en;
			hasScannedForEncodings = 0;
			knownRegions = (
				en,
				Base,
			);
			mainGroup = A15896602CEFA8BB00BFB3E4;
			productRefGroup = A158966A2CEFA8BB00BFB3E4 /* Products */;
			projectDirPath = "";
			projectRoot = "";
			targets = (
				A15896682CEFA8BB00BFB3E4 /* Custome Page Controll */,
				A158967E2CEFA8BD00BFB3E4 /* Custome Page ControllTests */,
				A15896882CEFA8BD00BFB3E4 /* Custome Page ControllUITests */,
			);
		};
/* End PBXProject section */

/* Begin PBXResourcesBuildPhase section */
		A15896672CEFA8BB00BFB3E4 /* Resources */ = {
			isa = PBXResourcesBuildPhase;
			buildActionMask = 2147483647;
			files = (
				A15896762CEFA8BD00BFB3E4 /* Assets.xcassets in Resources */,
				A15896792CEFA8BD00BFB3E4 /* Base in Resources */,
				A15896AC2CF57DC500BFB3E4 /* ColCell.xib in Resources */,
				A15896742CEFA8BB00BFB3E4 /* Base in Resources */,
			);
			runOnlyForDeploymentPostprocessing = 0;
		};
		A158967D2CEFA8BD00BFB3E4 /* Resources */ = {
			isa = PBXResourcesBuildPhase;
			buildActionMask = 2147483647;
			files = (
			);
			runOnlyForDeploymentPostprocessing = 0;
		};
		A15896872CEFA8BD00BFB3E4 /* Resources */ = {
			isa = PBXResourcesBuildPhase;
			buildActionMask = 2147483647;
			files = (
			);
			runOnlyForDeploymentPostprocessing = 0;
		};
/* End PBXResourcesBuildPhase section */

/* Begin PBXSourcesBuildPhase section */
		A15896652CEFA8BB00BFB3E4 /* Sources */ = {
			isa = PBXSourcesBuildPhase;
			buildActionMask = 2147483647;
			files = (
				A15896712CEFA8BB00BFB3E4 /* ViewController.swift in Sources */,
				A158966D2CEFA8BB00BFB3E4 /* AppDelegate.swift in Sources */,
				A15896AD2CF57DC500BFB3E4 /* ColCell.swift in Sources */,
				A158969E2CEFB23F00BFB3E4 /* RKPageControl.swift in Sources */,
				A158966F2CEFA8BB00BFB3E4 /* SceneDelegate.swift in Sources */,
			);
			runOnlyForDeploymentPostprocessing = 0;
		};
		A158967B2CEFA8BD00BFB3E4 /* Sources */ = {
			isa = PBXSourcesBuildPhase;
			buildActionMask = 2147483647;
			files = (
				A15896842CEFA8BD00BFB3E4 /* Custome_Page_ControllTests.swift in Sources */,
			);
			runOnlyForDeploymentPostprocessing = 0;
		};
		A15896852CEFA8BD00BFB3E4 /* Sources */ = {
			isa = PBXSourcesBuildPhase;
			buildActionMask = 2147483647;
			files = (
				A158968E2CEFA8BD00BFB3E4 /* Custome_Page_ControllUITests.swift in Sources */,
				A15896902CEFA8BD00BFB3E4 /* Custome_Page_ControllUITestsLaunchTests.swift in Sources */,
			);
			runOnlyForDeploymentPostprocessing = 0;
		};
/* End PBXSourcesBuildPhase section */

/* Begin PBXTargetDependency section */
		A15896812CEFA8BD00BFB3E4 /* PBXTargetDependency */ = {
			isa = PBXTargetDependency;
			target = A15896682CEFA8BB00BFB3E4 /* Custome Page Controll */;
			targetProxy = A15896802CEFA8BD00BFB3E4 /* PBXContainerItemProxy */;
		};
		A158968B2CEFA8BD00BFB3E4 /* PBXTargetDependency */ = {
			isa = PBXTargetDependency;
			target = A15896682CEFA8BB00BFB3E4 /* Custome Page Controll */;
			targetProxy = A158968A2CEFA8BD00BFB3E4 /* PBXContainerItemProxy */;
		};
/* End PBXTargetDependency section */

/* Begin PBXVariantGroup section */
		A15896722CEFA8BB00BFB3E4 /* Main.storyboard */ = {
			isa = PBXVariantGroup;
			children = (
				A15896732CEFA8BB00BFB3E4 /* Base */,
			);
			name = Main.storyboard;
			sourceTree = "<group>";
		};
		A15896772CEFA8BD00BFB3E4 /* LaunchScreen.storyboard */ = {
			isa = PBXVariantGroup;
			children = (
				A15896782CEFA8BD00BFB3E4 /* Base */,
			);
			name = LaunchScreen.storyboard;
			sourceTree = "<group>";
		};
/* End PBXVariantGroup section */

/* Begin XCBuildConfiguration section */
		A15896912CEFA8BD00BFB3E4 /* Debug */ = {
			isa = XCBuildConfiguration;
			buildSettings = {
				ALWAYS_SEARCH_USER_PATHS = NO;
				ASSETCATALOG_COMPILER_GENERATE_SWIFT_ASSET_SYMBOL_EXTENSIONS = YES;
				CLANG_ANALYZER_NONNULL = YES;
				CLANG_ANALYZER_NUMBER_OBJECT_CONVERSION = YES_AGGRESSIVE;
				CLANG_CXX_LANGUAGE_STANDARD = "gnu++20";
				CLANG_ENABLE_MODULES = YES;
				CLANG_ENABLE_OBJC_ARC = YES;
				CLANG_ENABLE_OBJC_WEAK = YES;
				CLANG_WARN_BLOCK_CAPTURE_AUTORELEASING = YES;
				CLANG_WARN_BOOL_CONVERSION = YES;
				CLANG_WARN_COMMA = YES;
				CLANG_WARN_CONSTANT_CONVERSION = YES;
				CLANG_WARN_DEPRECATED_OBJC_IMPLEMENTATIONS = YES;
				CLANG_WARN_DIRECT_OBJC_ISA_USAGE = YES_ERROR;
				CLANG_WARN_DOCUMENTATION_COMMENTS = YES;
				CLANG_WARN_EMPTY_BODY = YES;
				CLANG_WARN_ENUM_CONVERSION = YES;
				CLANG_WARN_INFINITE_RECURSION = YES;
				CLANG_WARN_INT_CONVERSION = YES;
				CLANG_WARN_NON_LITERAL_NULL_CONVERSION = YES;
				CLANG_WARN_OBJC_IMPLICIT_RETAIN_SELF = YES;
				CLANG_WARN_OBJC_LITERAL_CONVERSION = YES;
				CLANG_WARN_OBJC_ROOT_CLASS = YES_ERROR;
				CLANG_WARN_QUOTED_INCLUDE_IN_FRAMEWORK_HEADER = YES;
				CLANG_WARN_RANGE_LOOP_ANALYSIS = YES;
				CLANG_WARN_STRICT_PROTOTYPES = YES;
				CLANG_WARN_SUSPICIOUS_MOVE = YES;
				CLANG_WARN_UNGUARDED_AVAILABILITY = YES_AGGRESSIVE;
				CLANG_WARN_UNREACHABLE_CODE = YES;
				CLANG_WARN__DUPLICATE_METHOD_MATCH = YES;
				COPY_PHASE_STRIP = NO;
				DEBUG_INFORMATION_FORMAT = dwarf;
				ENABLE_STRICT_OBJC_MSGSEND = YES;
				ENABLE_TESTABILITY = YES;
				ENABLE_USER_SCRIPT_SANDBOXING = YES;
				GCC_C_LANGUAGE_STANDARD = gnu17;
				GCC_DYNAMIC_NO_PIC = NO;
				GCC_NO_COMMON_BLOCKS = YES;
				GCC_OPTIMIZATION_LEVEL = 0;
				GCC_PREPROCESSOR_DEFINITIONS = (
					"DEBUG=1",
					"$(inherited)",
				);
				GCC_WARN_64_TO_32_BIT_CONVERSION = YES;
				GCC_WARN_ABOUT_RETURN_TYPE = YES_ERROR;
				GCC_WARN_UNDECLARED_SELECTOR = YES;
				GCC_WARN_UNINITIALIZED_AUTOS = YES_AGGRESSIVE;
				GCC_WARN_UNUSED_FUNCTION = YES;
				GCC_WARN_UNUSED_VARIABLE = YES;
				IPHONEOS_DEPLOYMENT_TARGET = 17.5;
				LOCALIZATION_PREFERS_STRING_CATALOGS = YES;
				MTL_ENABLE_DEBUG_INFO = INCLUDE_SOURCE;
				MTL_FAST_MATH = YES;
				ONLY_ACTIVE_ARCH = YES;
				SDKROOT = iphoneos;
				SWIFT_ACTIVE_COMPILATION_CONDITIONS = "DEBUG $(inherited)";
				SWIFT_OPTIMIZATION_LEVEL = "-Onone";
			};
			name = Debug;
		};
		A15896922CEFA8BD00BFB3E4 /* Release */ = {
			isa = XCBuildConfiguration;
			buildSettings = {
				ALWAYS_SEARCH_USER_PATHS = NO;
				ASSETCATALOG_COMPILER_GENERATE_SWIFT_ASSET_SYMBOL_EXTENSIONS = YES;
				CLANG_ANALYZER_NONNULL = YES;
				CLANG_ANALYZER_NUMBER_OBJECT_CONVERSION = YES_AGGRESSIVE;
				CLANG_CXX_LANGUAGE_STANDARD = "gnu++20";
				CLANG_ENABLE_MODULES = YES;
				CLANG_ENABLE_OBJC_ARC = YES;
				CLANG_ENABLE_OBJC_WEAK = YES;
				CLANG_WARN_BLOCK_CAPTURE_AUTORELEASING = YES;
				CLANG_WARN_BOOL_CONVERSION = YES;
				CLANG_WARN_COMMA = YES;
				CLANG_WARN_CONSTANT_CONVERSION = YES;
				CLANG_WARN_DEPRECATED_OBJC_IMPLEMENTATIONS = YES;
				CLANG_WARN_DIRECT_OBJC_ISA_USAGE = YES_ERROR;
				CLANG_WARN_DOCUMENTATION_COMMENTS = YES;
				CLANG_WARN_EMPTY_BODY = YES;
				CLANG_WARN_ENUM_CONVERSION = YES;
				CLANG_WARN_INFINITE_RECURSION = YES;
				CLANG_WARN_INT_CONVERSION = YES;
				CLANG_WARN_NON_LITERAL_NULL_CONVERSION = YES;
				CLANG_WARN_OBJC_IMPLICIT_RETAIN_SELF = YES;
				CLANG_WARN_OBJC_LITERAL_CONVERSION = YES;
				CLANG_WARN_OBJC_ROOT_CLASS = YES_ERROR;
				CLANG_WARN_QUOTED_INCLUDE_IN_FRAMEWORK_HEADER = YES;
				CLANG_WARN_RANGE_LOOP_ANALYSIS = YES;
				CLANG_WARN_STRICT_PROTOTYPES = YES;
				CLANG_WARN_SUSPICIOUS_MOVE = YES;
				CLANG_WARN_UNGUARDED_AVAILABILITY = YES_AGGRESSIVE;
				CLANG_WARN_UNREACHABLE_CODE = YES;
				CLANG_WARN__DUPLICATE_METHOD_MATCH = YES;
				COPY_PHASE_STRIP = NO;
				DEBUG_INFORMATION_FORMAT = "dwarf-with-dsym";
				ENABLE_NS_ASSERTIONS = NO;
				ENABLE_STRICT_OBJC_MSGSEND = YES;
				ENABLE_USER_SCRIPT_SANDBOXING = YES;
				GCC_C_LANGUAGE_STANDARD = gnu17;
				GCC_NO_COMMON_BLOCKS = YES;
				GCC_WARN_64_TO_32_BIT_CONVERSION = YES;
				GCC_WARN_ABOUT_RETURN_TYPE = YES_ERROR;
				GCC_WARN_UNDECLARED_SELECTOR = YES;
				GCC_WARN_UNINITIALIZED_AUTOS = YES_AGGRESSIVE;
				GCC_WARN_UNUSED_FUNCTION = YES;
				GCC_WARN_UNUSED_VARIABLE = YES;
				IPHONEOS_DEPLOYMENT_TARGET = 17.5;
				LOCALIZATION_PREFERS_STRING_CATALOGS = YES;
				MTL_ENABLE_DEBUG_INFO = NO;
				MTL_FAST_MATH = YES;
				SDKROOT = iphoneos;
				SWIFT_COMPILATION_MODE = wholemodule;
				VALIDATE_PRODUCT = YES;
			};
			name = Release;
		};
		A15896942CEFA8BD00BFB3E4 /* Debug */ = {
			isa = XCBuildConfiguration;
			buildSettings = {
				ALTERNATE_OWNER = $richa0605;
				ASSETCATALOG_COMPILER_APPICON_NAME = AppIcon;
				ASSETCATALOG_COMPILER_GLOBAL_ACCENT_COLOR_NAME = AccentColor;
				CODE_SIGN_STYLE = Automatic;
				CURRENT_PROJECT_VERSION = 1;
				GENERATE_INFOPLIST_FILE = YES;
				INFOPLIST_FILE = "Custome Page Controll/Info.plist";
				INFOPLIST_KEY_UIApplicationSupportsIndirectInputEvents = YES;
				INFOPLIST_KEY_UILaunchStoryboardName = LaunchScreen;
				INFOPLIST_KEY_UIMainStoryboardFile = Main;
				INFOPLIST_KEY_UISupportedInterfaceOrientations_iPad = "UIInterfaceOrientationPortrait UIInterfaceOrientationPortraitUpsideDown UIInterfaceOrientationLandscapeLeft UIInterfaceOrientationLandscapeRight";
				INFOPLIST_KEY_UISupportedInterfaceOrientations_iPhone = "UIInterfaceOrientationPortrait UIInterfaceOrientationLandscapeLeft UIInterfaceOrientationLandscapeRight";
				INSTALL_OWNER = $richa0605;
				LD_RUNPATH_SEARCH_PATHS = (
					"$(inherited)",
					"@executable_path/Frameworks",
				);
				MARKETING_VERSION = 1.0;
				PRODUCT_BUNDLE_IDENTIFIER = "com.testapp.Custome-Page-Controll";
				PRODUCT_NAME = "$(TARGET_NAME)";
				SWIFT_EMIT_LOC_STRINGS = YES;
				SWIFT_VERSION = 5.0;
				TARGETED_DEVICE_FAMILY = "1,2";
			};
			name = Debug;
		};
		A15896952CEFA8BD00BFB3E4 /* Release */ = {
			isa = XCBuildConfiguration;
			buildSettings = {
				ALTERNATE_OWNER = $richa0605;
				ASSETCATALOG_COMPILER_APPICON_NAME = AppIcon;
				ASSETCATALOG_COMPILER_GLOBAL_ACCENT_COLOR_NAME = AccentColor;
				CODE_SIGN_STYLE = Automatic;
				CURRENT_PROJECT_VERSION = 1;
				GENERATE_INFOPLIST_FILE = YES;
				INFOPLIST_FILE = "Custome Page Controll/Info.plist";
				INFOPLIST_KEY_UIApplicationSupportsIndirectInputEvents = YES;
				INFOPLIST_KEY_UILaunchStoryboardName = LaunchScreen;
				INFOPLIST_KEY_UIMainStoryboardFile = Main;
				INFOPLIST_KEY_UISupportedInterfaceOrientations_iPad = "UIInterfaceOrientationPortrait UIInterfaceOrientationPortraitUpsideDown UIInterfaceOrientationLandscapeLeft UIInterfaceOrientationLandscapeRight";
				INFOPLIST_KEY_UISupportedInterfaceOrientations_iPhone = "UIInterfaceOrientationPortrait UIInterfaceOrientationLandscapeLeft UIInterfaceOrientationLandscapeRight";
				INSTALL_OWNER = $richa0605;
				LD_RUNPATH_SEARCH_PATHS = (
					"$(inherited)",
					"@executable_path/Frameworks",
				);
				MARKETING_VERSION = 1.0;
				PRODUCT_BUNDLE_IDENTIFIER = "com.testapp.Custome-Page-Controll";
				PRODUCT_NAME = "$(TARGET_NAME)";
				SWIFT_EMIT_LOC_STRINGS = YES;
				SWIFT_VERSION = 5.0;
				TARGETED_DEVICE_FAMILY = "1,2";
			};
			name = Release;
		};
		A15896972CEFA8BD00BFB3E4 /* Debug */ = {
			isa = XCBuildConfiguration;
			buildSettings = {
				ALTERNATE_OWNER = $richa0605;
				ALWAYS_EMBED_SWIFT_STANDARD_LIBRARIES = YES;
				BUNDLE_LOADER = "$(TEST_HOST)";
				CODE_SIGN_STYLE = Automatic;
				CURRENT_PROJECT_VERSION = 1;
				GENERATE_INFOPLIST_FILE = YES;
				INSTALL_OWNER = $richa0605;
				IPHONEOS_DEPLOYMENT_TARGET = 17.5;
				MARKETING_VERSION = 1.0;
				PRODUCT_BUNDLE_IDENTIFIER = "com.testapp.Custome-Page-ControllTests";
				PRODUCT_NAME = "$(TARGET_NAME)";
				SWIFT_EMIT_LOC_STRINGS = NO;
				SWIFT_VERSION = 5.0;
				TARGETED_DEVICE_FAMILY = "1,2";
				TEST_HOST = "$(BUILT_PRODUCTS_DIR)/Custome Page Controll.app/$(BUNDLE_EXECUTABLE_FOLDER_PATH)/Custome Page Controll";
			};
			name = Debug;
		};
		A15896982CEFA8BD00BFB3E4 /* Release */ = {
			isa = XCBuildConfiguration;
			buildSettings = {
				ALTERNATE_OWNER = $richa0605;
				ALWAYS_EMBED_SWIFT_STANDARD_LIBRARIES = YES;
				BUNDLE_LOADER = "$(TEST_HOST)";
				CODE_SIGN_STYLE = Automatic;
				CURRENT_PROJECT_VERSION = 1;
				GENERATE_INFOPLIST_FILE = YES;
				INSTALL_OWNER = $richa0605;
				IPHONEOS_DEPLOYMENT_TARGET = 17.5;
				MARKETING_VERSION = 1.0;
				PRODUCT_BUNDLE_IDENTIFIER = "com.testapp.Custome-Page-ControllTests";
				PRODUCT_NAME = "$(TARGET_NAME)";
				SWIFT_EMIT_LOC_STRINGS = NO;
				SWIFT_VERSION = 5.0;
				TARGETED_DEVICE_FAMILY = "1,2";
				TEST_HOST = "$(BUILT_PRODUCTS_DIR)/Custome Page Controll.app/$(BUNDLE_EXECUTABLE_FOLDER_PATH)/Custome Page Controll";
			};
			name = Release;
		};
		A158969A2CEFA8BD00BFB3E4 /* Debug */ = {
			isa = XCBuildConfiguration;
			buildSettings = {
				ALTERNATE_OWNER = $richa0605;
				ALWAYS_EMBED_SWIFT_STANDARD_LIBRARIES = YES;
				CODE_SIGN_STYLE = Automatic;
				CURRENT_PROJECT_VERSION = 1;
				GENERATE_INFOPLIST_FILE = YES;
				INSTALL_OWNER = $richa0605;
				MARKETING_VERSION = 1.0;
				PRODUCT_BUNDLE_IDENTIFIER = "com.testapp.Custome-Page-ControllUITests";
				PRODUCT_NAME = "$(TARGET_NAME)";
				SWIFT_EMIT_LOC_STRINGS = NO;
				SWIFT_VERSION = 5.0;
				TARGETED_DEVICE_FAMILY = "1,2";
				TEST_TARGET_NAME = "Custome Page Controll";
			};
			name = Debug;
		};
		A158969B2CEFA8BD00BFB3E4 /* Release */ = {
			isa = XCBuildConfiguration;
			buildSettings = {
				ALTERNATE_OWNER = $richa0605;
				ALWAYS_EMBED_SWIFT_STANDARD_LIBRARIES = YES;
				CODE_SIGN_STYLE = Automatic;
				CURRENT_PROJECT_VERSION = 1;
				GENERATE_INFOPLIST_FILE = YES;
				INSTALL_OWNER = $richa0605;
				MARKETING_VERSION = 1.0;
				PRODUCT_BUNDLE_IDENTIFIER = "com.testapp.Custome-Page-ControllUITests";
				PRODUCT_NAME = "$(TARGET_NAME)";
				SWIFT_EMIT_LOC_STRINGS = NO;
				SWIFT_VERSION = 5.0;
				TARGETED_DEVICE_FAMILY = "1,2";
				TEST_TARGET_NAME = "Custome Page Controll";
			};
			name = Release;
		};
/* End XCBuildConfiguration section */

/* Begin XCConfigurationList section */
		A15896642CEFA8BB00BFB3E4 /* Build configuration list for PBXProject "Custome Page Controll" */ = {
			isa = XCConfigurationList;
			buildConfigurations = (
				A15896912CEFA8BD00BFB3E4 /* Debug */,
				A15896922CEFA8BD00BFB3E4 /* Release */,
			);
			defaultConfigurationIsVisible = 0;
			defaultConfigurationName = Release;
		};
		A15896932CEFA8BD00BFB3E4 /* Build configuration list for PBXNativeTarget "Custome Page Controll" */ = {
			isa = XCConfigurationList;
			buildConfigurations = (
				A15896942CEFA8BD00BFB3E4 /* Debug */,
				A15896952CEFA8BD00BFB3E4 /* Release */,
			);
			defaultConfigurationIsVisible = 0;
			defaultConfigurationName = Release;
		};
		A15896962CEFA8BD00BFB3E4 /* Build configuration list for PBXNativeTarget "Custome Page ControllTests" */ = {
			isa = XCConfigurationList;
			buildConfigurations = (
				A15896972CEFA8BD00BFB3E4 /* Debug */,
				A15896982CEFA8BD00BFB3E4 /* Release */,
			);
			defaultConfigurationIsVisible = 0;
			defaultConfigurationName = Release;
		};
		A15896992CEFA8BD00BFB3E4 /* Build configuration list for PBXNativeTarget "Custome Page ControllUITests" */ = {
			isa = XCConfigurationList;
			buildConfigurations = (
				A158969A2CEFA8BD00BFB3E4 /* Debug */,
				A158969B2CEFA8BD00BFB3E4 /* Release */,
			);
			defaultConfigurationIsVisible = 0;
			defaultConfigurationName = Release;
		};
/* End XCConfigurationList section */
	};
	rootObject = A15896612CEFA8BB00BFB3E4 /* Project object */;
}
